// !$*UTF8*$!
{
	archiveVersion = 1;
	classes = {
	};
	objectVersion = 50;
	objects = {

/* Begin PBXBuildFile section */
		3F627709233FD5FC001D97C4 /* AppDelegate.swift in Sources */ = {isa = PBXBuildFile; fileRef = 3F627708233FD5FC001D97C4 /* AppDelegate.swift */; };
		3F62770B233FD5FC001D97C4 /* ViewController.swift in Sources */ = {isa = PBXBuildFile; fileRef = 3F62770A233FD5FC001D97C4 /* ViewController.swift */; };
		3F62770E233FD5FC001D97C4 /* Main.storyboard in Resources */ = {isa = PBXBuildFile; fileRef = 3F62770C233FD5FC001D97C4 /* Main.storyboard */; };
		3F627710233FD5FD001D97C4 /* Assets.xcassets in Resources */ = {isa = PBXBuildFile; fileRef = 3F62770F233FD5FD001D97C4 /* Assets.xcassets */; };
		3F627713233FD5FD001D97C4 /* LaunchScreen.storyboard in Resources */ = {isa = PBXBuildFile; fileRef = 3F627711233FD5FD001D97C4 /* LaunchScreen.storyboard */; };
		3F62771E233FD5FD001D97C4 /* MyCalculatorTests.swift in Sources */ = {isa = PBXBuildFile; fileRef = 3F62771D233FD5FD001D97C4 /* MyCalculatorTests.swift */; };
		3F627729233FD5FD001D97C4 /* MyCalculatorUITests.swift in Sources */ = {isa = PBXBuildFile; fileRef = 3F627728233FD5FD001D97C4 /* MyCalculatorUITests.swift */; };
/* End PBXBuildFile section */

/* Begin PBXContainerItemProxy section */
		3F62771A233FD5FD001D97C4 /* PBXContainerItemProxy */ = {
			isa = PBXContainerItemProxy;
			containerPortal = 3F6276FD233FD5FC001D97C4 /* Project object */;
			proxyType = 1;
			remoteGlobalIDString = 3F627704233FD5FC001D97C4;
			remoteInfo = MyCalculator;
		};
		3F627725233FD5FD001D97C4 /* PBXContainerItemProxy */ = {
			isa = PBXContainerItemProxy;
			containerPortal = 3F6276FD233FD5FC001D97C4 /* Project object */;
			proxyType = 1;
			remoteGlobalIDString = 3F627704233FD5FC001D97C4;
			remoteInfo = MyCalculator;
		};
/* End PBXContainerItemProxy section */

/* Begin PBXFileReference section */
		3F627705233FD5FC001D97C4 /* MyCalculator.app */ = {isa = PBXFileReference; explicitFileType = wrapper.application; includeInIndex = 0; path = MyCalculator.app; sourceTree = BUILT_PRODUCTS_DIR; };
		3F627708233FD5FC001D97C4 /* AppDelegate.swift */ = {isa = PBXFileReference; lastKnownFileType = sourcecode.swift; path = AppDelegate.swift; sourceTree = "<group>"; };
		3F62770A233FD5FC001D97C4 /* ViewController.swift */ = {isa = PBXFileReference; lastKnownFileType = sourcecode.swift; path = ViewController.swift; sourceTree = "<group>"; };
		3F62770D233FD5FC001D97C4 /* Base */ = {isa = PBXFileReference; lastKnownFileType = file.storyboard; name = Base; path = Base.lproj/Main.storyboard; sourceTree = "<group>"; };
		3F62770F233FD5FD001D97C4 /* Assets.xcassets */ = {isa = PBXFileReference; lastKnownFileType = folder.assetcatalog; path = Assets.xcassets; sourceTree = "<group>"; };
		3F627712233FD5FD001D97C4 /* Base */ = {isa = PBXFileReference; lastKnownFileType = file.storyboard; name = Base; path = Base.lproj/LaunchScreen.storyboard; sourceTree = "<group>"; };
		3F627714233FD5FD001D97C4 /* Info.plist */ = {isa = PBXFileReference; lastKnownFileType = text.plist.xml; path = Info.plist; sourceTree = "<group>"; };
		3F627719233FD5FD001D97C4 /* MyCalculatorTests.xctest */ = {isa = PBXFileReference; explicitFileType = wrapper.cfbundle; includeInIndex = 0; path = MyCalculatorTests.xctest; sourceTree = BUILT_PRODUCTS_DIR; };
		3F62771D233FD5FD001D97C4 /* MyCalculatorTests.swift */ = {isa = PBXFileReference; lastKnownFileType = sourcecode.swift; path = MyCalculatorTests.swift; sourceTree = "<group>"; };
		3F62771F233FD5FD001D97C4 /* Info.plist */ = {isa = PBXFileReference; lastKnownFileType = text.plist.xml; path = Info.plist; sourceTree = "<group>"; };
		3F627724233FD5FD001D97C4 /* MyCalculatorUITests.xctest */ = {isa = PBXFileReference; explicitFileType = wrapper.cfbundle; includeInIndex = 0; path = MyCalculatorUITests.xctest; sourceTree = BUILT_PRODUCTS_DIR; };
		3F627728233FD5FD001D97C4 /* MyCalculatorUITests.swift */ = {isa = PBXFileReference; lastKnownFileType = sourcecode.swift; path = MyCalculatorUITests.swift; sourceTree = "<group>"; };
		3F62772A233FD5FD001D97C4 /* Info.plist */ = {isa = PBXFileReference; lastKnownFileType = text.plist.xml; path = Info.plist; sourceTree = "<group>"; };
/* End PBXFileReference section */

/* Begin PBXFrameworksBuildPhase section */
		3F627702233FD5FC001D97C4 /* Frameworks */ = {
			isa = PBXFrameworksBuildPhase;
			buildActionMask = 2147483647;
			files = (
			);
			runOnlyForDeploymentPostprocessing = 0;
		};
		3F627716233FD5FD001D97C4 /* Frameworks */ = {
			isa = PBXFrameworksBuildPhase;
			buildActionMask = 2147483647;
			files = (
			);
			runOnlyForDeploymentPostprocessing = 0;
		};
		3F627721233FD5FD001D97C4 /* Frameworks */ = {
			isa = PBXFrameworksBuildPhase;
			buildActionMask = 2147483647;
			files = (
			);
			runOnlyForDeploymentPostprocessing = 0;
		};
/* End PBXFrameworksBuildPhase section */

/* Begin PBXGroup section */
		3F6276FC233FD5FC001D97C4 = {
			isa = PBXGroup;
			children = (
				3F627707233FD5FC001D97C4 /* MyCalculator */,
				3F62771C233FD5FD001D97C4 /* MyCalculatorTests */,
				3F627727233FD5FD001D97C4 /* MyCalculatorUITests */,
				3F627706233FD5FC001D97C4 /* Products */,
			);
			sourceTree = "<group>";
		};
		3F627706233FD5FC001D97C4 /* Products */ = {
			isa = PBXGroup;
			children = (
				3F627705233FD5FC001D97C4 /* MyCalculator.app */,
				3F627719233FD5FD001D97C4 /* MyCalculatorTests.xctest */,
				3F627724233FD5FD001D97C4 /* MyCalculatorUITests.xctest */,
			);
			name = Products;
			sourceTree = "<group>";
		};
		3F627707233FD5FC001D97C4 /* MyCalculator */ = {
			isa = PBXGroup;
			children = (
				3F627708233FD5FC001D97C4 /* AppDelegate.swift */,
				3F62770A233FD5FC001D97C4 /* ViewController.swift */,
				3F62770C233FD5FC001D97C4 /* Main.storyboard */,
				3F62770F233FD5FD001D97C4 /* Assets.xcassets */,
				3F627711233FD5FD001D97C4 /* LaunchScreen.storyboard */,
				3F627714233FD5FD001D97C4 /* Info.plist */,
			);
			path = MyCalculator;
			sourceTree = "<group>";
		};
		3F62771C233FD5FD001D97C4 /* MyCalculatorTests */ = {
			isa = PBXGroup;
			children = (
				3F62771D233FD5FD001D97C4 /* MyCalculatorTests.swift */,
				3F62771F233FD5FD001D97C4 /* Info.plist */,
			);
			path = MyCalculatorTests;
			sourceTree = "<group>";
		};
		3F627727233FD5FD001D97C4 /* MyCalculatorUITests */ = {
			isa = PBXGroup;
			children = (
				3F627728233FD5FD001D97C4 /* MyCalculatorUITests.swift */,
				3F62772A233FD5FD001D97C4 /* Info.plist */,
			);
			path = MyCalculatorUITests;
			sourceTree = "<group>";
		};
/* End PBXGroup section */

/* Begin PBXNativeTarget section */
		3F627704233FD5FC001D97C4 /* MyCalculator */ = {
			isa = PBXNativeTarget;
			buildConfigurationList = 3F62772D233FD5FD001D97C4 /* Build configuration list for PBXNativeTarget "MyCalculator" */;
			buildPhases = (
				3F627701233FD5FC001D97C4 /* Sources */,
				3F627702233FD5FC001D97C4 /* Frameworks */,
				3F627703233FD5FC001D97C4 /* Resources */,
			);
			buildRules = (
			);
			dependencies = (
			);
			name = MyCalculator;
			productName = MyCalculator;
			productReference = 3F627705233FD5FC001D97C4 /* MyCalculator.app */;
			productType = "com.apple.product-type.application";
		};
		3F627718233FD5FD001D97C4 /* MyCalculatorTests */ = {
			isa = PBXNativeTarget;
			buildConfigurationList = 3F627730233FD5FD001D97C4 /* Build configuration list for PBXNativeTarget "MyCalculatorTests" */;
			buildPhases = (
				3F627715233FD5FD001D97C4 /* Sources */,
				3F627716233FD5FD001D97C4 /* Frameworks */,
				3F627717233FD5FD001D97C4 /* Resources */,
			);
			buildRules = (
			);
			dependencies = (
				3F62771B233FD5FD001D97C4 /* PBXTargetDependency */,
			);
			name = MyCalculatorTests;
			productName = MyCalculatorTests;
			productReference = 3F627719233FD5FD001D97C4 /* MyCalculatorTests.xctest */;
			productType = "com.apple.product-type.bundle.unit-test";
		};
		3F627723233FD5FD001D97C4 /* MyCalculatorUITests */ = {
			isa = PBXNativeTarget;
			buildConfigurationList = 3F627733233FD5FD001D97C4 /* Build configuration list for PBXNativeTarget "MyCalculatorUITests" */;
			buildPhases = (
				3F627720233FD5FD001D97C4 /* Sources */,
				3F627721233FD5FD001D97C4 /* Frameworks */,
				3F627722233FD5FD001D97C4 /* Resources */,
			);
			buildRules = (
			);
			dependencies = (
				3F627726233FD5FD001D97C4 /* PBXTargetDependency */,
			);
			name = MyCalculatorUITests;
			productName = MyCalculatorUITests;
			productReference = 3F627724233FD5FD001D97C4 /* MyCalculatorUITests.xctest */;
			productType = "com.apple.product-type.bundle.ui-testing";
		};
/* End PBXNativeTarget section */

/* Begin PBXProject section */
		3F6276FD233FD5FC001D97C4 /* Project object */ = {
			isa = PBXProject;
			attributes = {
				LastSwiftUpdateCheck = 1030;
				LastUpgradeCheck = 1030;
				ORGANIZATIONNAME = Student;
				TargetAttributes = {
					3F627704233FD5FC001D97C4 = {
						CreatedOnToolsVersion = 10.3;
					};
					3F627718233FD5FD001D97C4 = {
						CreatedOnToolsVersion = 10.3;
						TestTargetID = 3F627704233FD5FC001D97C4;
					};
					3F627723233FD5FD001D97C4 = {
						CreatedOnToolsVersion = 10.3;
						TestTargetID = 3F627704233FD5FC001D97C4;
					};
				};
			};
			buildConfigurationList = 3F627700233FD5FC001D97C4 /* Build configuration list for PBXProject "MyCalculator" */;
			compatibilityVersion = "Xcode 9.3";
			developmentRegion = en;
			hasScannedForEncodings = 0;
			knownRegions = (
				en,
				Base,
			);
			mainGroup = 3F6276FC233FD5FC001D97C4;
			productRefGroup = 3F627706233FD5FC001D97C4 /* Products */;
			projectDirPath = "";
			projectRoot = "";
			targets = (
				3F627704233FD5FC001D97C4 /* MyCalculator */,
				3F627718233FD5FD001D97C4 /* MyCalculatorTests */,
				3F627723233FD5FD001D97C4 /* MyCalculatorUITests */,
			);
		};
/* End PBXProject section */

/* Begin PBXResourcesBuildPhase section */
		3F627703233FD5FC001D97C4 /* Resources */ = {
			isa = PBXResourcesBuildPhase;
			buildActionMask = 2147483647;
			files = (
				3F627713233FD5FD001D97C4 /* LaunchScreen.storyboard in Resources */,
				3F627710233FD5FD001D97C4 /* Assets.xcassets in Resources */,
				3F62770E233FD5FC001D97C4 /* Main.storyboard in Resources */,
			);
			runOnlyForDeploymentPostprocessing = 0;
		};
		3F627717233FD5FD001D97C4 /* Resources */ = {
			isa = PBXResourcesBuildPhase;
			buildActionMask = 2147483647;
			files = (
			);
			runOnlyForDeploymentPostprocessing = 0;
		};
		3F627722233FD5FD001D97C4 /* Resources */ = {
			isa = PBXResourcesBuildPhase;
			buildActionMask = 2147483647;
			files = (
			);
			runOnlyForDeploymentPostprocessing = 0;
		};
/* End PBXResourcesBuildPhase section */

/* Begin PBXSourcesBuildPhase section */
		3F627701233FD5FC001D97C4 /* Sources */ = {
			isa = PBXSourcesBuildPhase;
			buildActionMask = 2147483647;
			files = (
				3F62770B233FD5FC001D97C4 /* ViewController.swift in Sources */,
				3F627709233FD5FC001D97C4 /* AppDelegate.swift in Sources */,
			);
			runOnlyForDeploymentPostprocessing = 0;
		};
		3F627715233FD5FD001D97C4 /* Sources */ = {
			isa = PBXSourcesBuildPhase;
			buildActionMask = 2147483647;
			files = (
				3F62771E233FD5FD001D97C4 /* MyCalculatorTests.swift in Sources */,
			);
			runOnlyForDeploymentPostprocessing = 0;
		};
		3F627720233FD5FD001D97C4 /* Sources */ = {
			isa = PBXSourcesBuildPhase;
			buildActionMask = 2147483647;
			files = (
				3F627729233FD5FD001D97C4 /* MyCalculatorUITests.swift in Sources */,
			);
			runOnlyForDeploymentPostprocessing = 0;
		};
/* End PBXSourcesBuildPhase section */

/* Begin PBXTargetDependency section */
		3F62771B233FD5FD001D97C4 /* PBXTargetDependency */ = {
			isa = PBXTargetDependency;
			target = 3F627704233FD5FC001D97C4 /* MyCalculator */;
			targetProxy = 3F62771A233FD5FD001D97C4 /* PBXContainerItemProxy */;
		};
		3F627726233FD5FD001D97C4 /* PBXTargetDependency */ = {
			isa = PBXTargetDependency;
			target = 3F627704233FD5FC001D97C4 /* MyCalculator */;
			targetProxy = 3F627725233FD5FD001D97C4 /* PBXContainerItemProxy */;
		};
/* End PBXTargetDependency section */

/* Begin PBXVariantGroup section */
		3F62770C233FD5FC001D97C4 /* Main.storyboard */ = {
			isa = PBXVariantGroup;
			children = (
				3F62770D233FD5FC001D97C4 /* Base */,
			);
			name = Main.storyboard;
			sourceTree = "<group>";
		};
		3F627711233FD5FD001D97C4 /* LaunchScreen.storyboard */ = {
			isa = PBXVariantGroup;
			children = (
				3F627712233FD5FD001D97C4 /* Base */,
			);
			name = LaunchScreen.storyboard;
			sourceTree = "<group>";
		};
/* End PBXVariantGroup section */

/* Begin XCBuildConfiguration section */
		3F62772B233FD5FD001D97C4 /* Debug */ = {
			isa = XCBuildConfiguration;
			buildSettings = {
				ALWAYS_SEARCH_USER_PATHS = NO;
				CLANG_ANALYZER_NONNULL = YES;
				CLANG_ANALYZER_NUMBER_OBJECT_CONVERSION = YES_AGGRESSIVE;
				CLANG_CXX_LANGUAGE_STANDARD = "gnu++14";
				CLANG_CXX_LIBRARY = "libc++";
				CLANG_ENABLE_MODULES = YES;
				CLANG_ENABLE_OBJC_ARC = YES;
				CLANG_ENABLE_OBJC_WEAK = YES;
				CLANG_WARN_BLOCK_CAPTURE_AUTORELEASING = YES;
				CLANG_WARN_BOOL_CONVERSION = YES;
				CLANG_WARN_COMMA = YES;
				CLANG_WARN_CONSTANT_CONVERSION = YES;
				CLANG_WARN_DEPRECATED_OBJC_IMPLEMENTATIONS = YES;
				CLANG_WARN_DIRECT_OBJC_ISA_USAGE = YES_ERROR;
				CLANG_WARN_DOCUMENTATION_COMMENTS = YES;
				CLANG_WARN_EMPTY_BODY = YES;
				CLANG_WARN_ENUM_CONVERSION = YES;
				CLANG_WARN_INFINITE_RECURSION = YES;
				CLANG_WARN_INT_CONVERSION = YES;
				CLANG_WARN_NON_LITERAL_NULL_CONVERSION = YES;
				CLANG_WARN_OBJC_IMPLICIT_RETAIN_SELF = YES;
				CLANG_WARN_OBJC_LITERAL_CONVERSION = YES;
				CLANG_WARN_OBJC_ROOT_CLASS = YES_ERROR;
				CLANG_WARN_RANGE_LOOP_ANALYSIS = YES;
				CLANG_WARN_STRICT_PROTOTYPES = YES;
				CLANG_WARN_SUSPICIOUS_MOVE = YES;
				CLANG_WARN_UNGUARDED_AVAILABILITY = YES_AGGRESSIVE;
				CLANG_WARN_UNREACHABLE_CODE = YES;
				CLANG_WARN__DUPLICATE_METHOD_MATCH = YES;
				CODE_SIGN_IDENTITY = "iPhone Developer";
				COPY_PHASE_STRIP = NO;
				DEBUG_INFORMATION_FORMAT = dwarf;
				ENABLE_STRICT_OBJC_MSGSEND = YES;
				ENABLE_TESTABILITY = YES;
				GCC_C_LANGUAGE_STANDARD = gnu11;
				GCC_DYNAMIC_NO_PIC = NO;
				GCC_NO_COMMON_BLOCKS = YES;
				GCC_OPTIMIZATION_LEVEL = 0;
				GCC_PREPROCESSOR_DEFINITIONS = (
					"DEBUG=1",
					"$(inherited)",
				);
				GCC_WARN_64_TO_32_BIT_CONVERSION = YES;
				GCC_WARN_ABOUT_RETURN_TYPE = YES_ERROR;
				GCC_WARN_UNDECLARED_SELECTOR = YES;
				GCC_WARN_UNINITIALIZED_AUTOS = YES_AGGRESSIVE;
				GCC_WARN_UNUSED_FUNCTION = YES;
				GCC_WARN_UNUSED_VARIABLE = YES;
				IPHONEOS_DEPLOYMENT_TARGET = 12.4;
				MTL_ENABLE_DEBUG_INFO = INCLUDE_SOURCE;
				MTL_FAST_MATH = YES;
				ONLY_ACTIVE_ARCH = YES;
				SDKROOT = iphoneos;
				SWIFT_ACTIVE_COMPILATION_CONDITIONS = DEBUG;
				SWIFT_OPTIMIZATION_LEVEL = "-Onone";
			};
			name = Debug;
		};
		3F62772C233FD5FD001D97C4 /* Release */ = {
			isa = XCBuildConfiguration;
			buildSettings = {
				ALWAYS_SEARCH_USER_PATHS = NO;
				CLANG_ANALYZER_NONNULL = YES;
				CLANG_ANALYZER_NUMBER_OBJECT_CONVERSION = YES_AGGRESSIVE;
				CLANG_CXX_LANGUAGE_STANDARD = "gnu++14";
				CLANG_CXX_LIBRARY = "libc++";
				CLANG_ENABLE_MODULES = YES;
				CLANG_ENABLE_OBJC_ARC = YES;
				CLANG_ENABLE_OBJC_WEAK = YES;
				CLANG_WARN_BLOCK_CAPTURE_AUTORELEASING = YES;
				CLANG_WARN_BOOL_CONVERSION = YES;
				CLANG_WARN_COMMA = YES;
				CLANG_WARN_CONSTANT_CONVERSION = YES;
				CLANG_WARN_DEPRECATED_OBJC_IMPLEMENTATIONS = YES;
				CLANG_WARN_DIRECT_OBJC_ISA_USAGE = YES_ERROR;
				CLANG_WARN_DOCUMENTATION_COMMENTS = YES;
				CLANG_WARN_EMPTY_BODY = YES;
				CLANG_WARN_ENUM_CONVERSION = YES;
				CLANG_WARN_INFINITE_RECURSION = YES;
				CLANG_WARN_INT_CONVERSION = YES;
				CLANG_WARN_NON_LITERAL_NULL_CONVERSION = YES;
				CLANG_WARN_OBJC_IMPLICIT_RETAIN_SELF = YES;
				CLANG_WARN_OBJC_LITERAL_CONVERSION = YES;
				CLANG_WARN_OBJC_ROOT_CLASS = YES_ERROR;
				CLANG_WARN_RANGE_LOOP_ANALYSIS = YES;
				CLANG_WARN_STRICT_PROTOTYPES = YES;
				CLANG_WARN_SUSPICIOUS_MOVE = YES;
				CLANG_WARN_UNGUARDED_AVAILABILITY = YES_AGGRESSIVE;
				CLANG_WARN_UNREACHABLE_CODE = YES;
				CLANG_WARN__DUPLICATE_METHOD_MATCH = YES;
				CODE_SIGN_IDENTITY = "iPhone Developer";
				COPY_PHASE_STRIP = NO;
				DEBUG_INFORMATION_FORMAT = "dwarf-with-dsym";
				ENABLE_NS_ASSERTIONS = NO;
				ENABLE_STRICT_OBJC_MSGSEND = YES;
				GCC_C_LANGUAGE_STANDARD = gnu11;
				GCC_NO_COMMON_BLOCKS = YES;
				GCC_WARN_64_TO_32_BIT_CONVERSION = YES;
				GCC_WARN_ABOUT_RETURN_TYPE = YES_ERROR;
				GCC_WARN_UNDECLARED_SELECTOR = YES;
				GCC_WARN_UNINITIALIZED_AUTOS = YES_AGGRESSIVE;
				GCC_WARN_UNUSED_FUNCTION = YES;
				GCC_WARN_UNUSED_VARIABLE = YES;
				IPHONEOS_DEPLOYMENT_TARGET = 12.4;
				MTL_ENABLE_DEBUG_INFO = NO;
				MTL_FAST_MATH = YES;
				SDKROOT = iphoneos;
				SWIFT_COMPILATION_MODE = wholemodule;
				SWIFT_OPTIMIZATION_LEVEL = "-O";
				VALIDATE_PRODUCT = YES;
			};
			name = Release;
		};
		3F62772E233FD5FD001D97C4 /* Debug */ = {
			isa = XCBuildConfiguration;
			buildSettings = {
				ASSETCATALOG_COMPILER_APPICON_NAME = AppIcon;
				CODE_SIGN_STYLE = Automatic;
				INFOPLIST_FILE = MyCalculator/Info.plist;
				LD_RUNPATH_SEARCH_PATHS = (
					"$(inherited)",
					"@executable_path/Frameworks",
				);
				PRODUCT_BUNDLE_IDENTIFIER = ca.centennial.MyCalculator;
				PRODUCT_NAME = "$(TARGET_NAME)";
				SWIFT_VERSION = 5.0;
				TARGETED_DEVICE_FAMILY = "1,2";
			};
			name = Debug;
		};
		3F62772F233FD5FD001D97C4 /* Release */ = {
			isa = XCBuildConfiguration;
			buildSettings = {
				ASSETCATALOG_COMPILER_APPICON_NAME = AppIcon;
				CODE_SIGN_STYLE = Automatic;
				INFOPLIST_FILE = MyCalculator/Info.plist;
				LD_RUNPATH_SEARCH_PATHS = (
					"$(inherited)",
					"@executable_path/Frameworks",
				);
				PRODUCT_BUNDLE_IDENTIFIER = ca.centennial.MyCalculator;
				PRODUCT_NAME = "$(TARGET_NAME)";
				SWIFT_VERSION = 5.0;
				TARGETED_DEVICE_FAMILY = "1,2";
			};
			name = Release;
		};
		3F627731233FD5FD001D97C4 /* Debug */ = {
			isa = XCBuildConfiguration;
			buildSettings = {
				ALWAYS_EMBED_SWIFT_STANDARD_LIBRARIES = YES;
				BUNDLE_LOADER = "$(TEST_HOST)";
				CODE_SIGN_STYLE = Automatic;
				INFOPLIST_FILE = MyCalculatorTests/Info.plist;
				LD_RUNPATH_SEARCH_PATHS = (
					"$(inherited)",
					"@executable_path/Frameworks",
					"@loader_path/Frameworks",
				);
				PRODUCT_BUNDLE_IDENTIFIER = ca.centennial.MyCalculatorTests;
				PRODUCT_NAME = "$(TARGET_NAME)";
				SWIFT_VERSION = 5.0;
				TARGETED_DEVICE_FAMILY = "1,2";
				TEST_HOST = "$(BUILT_PRODUCTS_DIR)/MyCalculator.app/MyCalculator";
			};
			name = Debug;
		};
		3F627732233FD5FD001D97C4 /* Release */ = {
			isa = XCBuildConfiguration;
			buildSettings = {
				ALWAYS_EMBED_SWIFT_STANDARD_LIBRARIES = YES;
				BUNDLE_LOADER = "$(TEST_HOST)";
				CODE_SIGN_STYLE = Automatic;
				INFOPLIST_FILE = MyCalculatorTests/Info.plist;
				LD_RUNPATH_SEARCH_PATHS = (
					"$(inherited)",
					"@executable_path/Frameworks",
					"@loader_path/Frameworks",
				);
				PRODUCT_BUNDLE_IDENTIFIER = ca.centennial.MyCalculatorTests;
				PRODUCT_NAME = "$(TARGET_NAME)";
				SWIFT_VERSION = 5.0;
				TARGETED_DEVICE_FAMILY = "1,2";
				TEST_HOST = "$(BUILT_PRODUCTS_DIR)/MyCalculator.app/MyCalculator";
			};
			name = Release;
		};
		3F627734233FD5FD001D97C4 /* Debug */ = {
			isa = XCBuildConfiguration;
			buildSettings = {
				ALWAYS_EMBED_SWIFT_STANDARD_LIBRARIES = YES;
				CODE_SIGN_STYLE = Automatic;
				INFOPLIST_FILE = MyCalculatorUITests/Info.plist;
				LD_RUNPATH_SEARCH_PATHS = (
					"$(inherited)",
					"@executable_path/Frameworks",
					"@loader_path/Frameworks",
				);
				PRODUCT_BUNDLE_IDENTIFIER = ca.centennial.MyCalculatorUITests;
				PRODUCT_NAME = "$(TARGET_NAME)";
				SWIFT_VERSION = 5.0;
				TARGETED_DEVICE_FAMILY = "1,2";
				TEST_TARGET_NAME = MyCalculator;
			};
			name = Debug;
		};
		3F627735233FD5FD001D97C4 /* Release */ = {
			isa = XCBuildConfiguration;
			buildSettings = {
				ALWAYS_EMBED_SWIFT_STANDARD_LIBRARIES = YES;
				CODE_SIGN_STYLE = Automatic;
				INFOPLIST_FILE = MyCalculatorUITests/Info.plist;
				LD_RUNPATH_SEARCH_PATHS = (
					"$(inherited)",
					"@executable_path/Frameworks",
					"@loader_path/Frameworks",
				);
				PRODUCT_BUNDLE_IDENTIFIER = ca.centennial.MyCalculatorUITests;
				PRODUCT_NAME = "$(TARGET_NAME)";
				SWIFT_VERSION = 5.0;
				TARGETED_DEVICE_FAMILY = "1,2";
				TEST_TARGET_NAME = MyCalculator;
			};
			name = Release;
		};
/* End XCBuildConfiguration section */

/* Begin XCConfigurationList section */
		3F627700233FD5FC001D97C4 /* Build configuration list for PBXProject "MyCalculator" */ = {
			isa = XCConfigurationList;
			buildConfigurations = (
				3F62772B233FD5FD001D97C4 /* Debug */,
				3F62772C233FD5FD001D97C4 /* Release */,
			);
			defaultConfigurationIsVisible = 0;
			defaultConfigurationName = Release;
		};
		3F62772D233FD5FD001D97C4 /* Build configuration list for PBXNativeTarget "MyCalculator" */ = {
			isa = XCConfigurationList;
			buildConfigurations = (
				3F62772E233FD5FD001D97C4 /* Debug */,
				3F62772F233FD5FD001D97C4 /* Release */,
			);
			defaultConfigurationIsVisible = 0;
			defaultConfigurationName = Release;
		};
		3F627730233FD5FD001D97C4 /* Build configuration list for PBXNativeTarget "MyCalculatorTests" */ = {
			isa = XCConfigurationList;
			buildConfigurations = (
				3F627731233FD5FD001D97C4 /* Debug */,
				3F627732233FD5FD001D97C4 /* Release */,
			);
			defaultConfigurationIsVisible = 0;
			defaultConfigurationName = Release;
		};
		3F627733233FD5FD001D97C4 /* Build configuration list for PBXNativeTarget "MyCalculatorUITests" */ = {
			isa = XCConfigurationList;
			buildConfigurations = (
				3F627734233FD5FD001D97C4 /* Debug */,
				3F627735233FD5FD001D97C4 /* Release */,
			);
			defaultConfigurationIsVisible = 0;
			defaultConfigurationName = Release;
		};
/* End XCConfigurationList section */
	};
	rootObject = 3F6276FD233FD5FC001D97C4 /* Project object */;
}
